
Microsoft Visual Studio Solution File, Format Version 12.00
# Visual Studio Version 16
VisualStudioVersion = 16.0.29905.134
MinimumVisualStudioVersion = 10.0.40219.1
Project("{9A19103F-16F7-4668-BE54-9A1E7A4F7556}") = "App", "App\App.csproj", "{E92AC3FA-CB4D-46F0-B8B4-B298A89BEF71}"
EndProject
Project("{9A19103F-16F7-4668-BE54-9A1E7A4F7556}") = "LibSdk2", "LibSdk2\LibSdk2.csproj", "{970331C9-E279-41EE-8A64-92AF7F9141A2}"
EndProject
Project("{2150E333-8FDC-42A3-9474-1A3956D46DE8}") = "Solution Items", "Solution Items", "{9093A69D-27FB-4AE4-9D77-926CB48469E1}"
	ProjectSection(SolutionItems) = preProject
		.github\workflows\ci.yml = .github\workflows\ci.yml
		README.md = README.md
	EndProjectSection
EndProject
Global
	GlobalSection(SolutionConfigurationPlatforms) = preSolution
		Debug|Any CPU = Debug|Any CPU
		Release|Any CPU = Release|Any CPU
	EndGlobalSection
	GlobalSection(ProjectConfigurationPlatforms) = postSolution
		{E92AC3FA-CB4D-46F0-B8B4-B298A89BEF71}.Debug|Any CPU.ActiveCfg = Debug|Any CPU
		{E92AC3FA-CB4D-46F0-B8B4-B298A89BEF71}.Debug|Any CPU.Build.0 = Debug|Any CPU
		{E92AC3FA-CB4D-46F0-B8B4-B298A89BEF71}.Release|Any CPU.ActiveCfg = Release|Any CPU
		{E92AC3FA-CB4D-46F0-B8B4-B298A89BEF71}.Release|Any CPU.Build.0 = Release|Any CPU
		{970331C9-E279-41EE-8A64-92AF7F9141A2}.Debug|Any CPU.ActiveCfg = Debug|Any CPU
		{970331C9-E279-41EE-8A64-92AF7F9141A2}.Debug|Any CPU.Build.0 = Debug|Any CPU
		{970331C9-E279-41EE-8A64-92AF7F9141A2}.Release|Any CPU.ActiveCfg = Release|Any CPU
		{970331C9-E279-41EE-8A64-92AF7F9141A2}.Release|Any CPU.Build.0 = Release|Any CPU
	EndGlobalSection
	GlobalSection(SolutionProperties) = preSolution
		HideSolutionNode = FALSE
	EndGlobalSection
	GlobalSection(ExtensibilityGlobals) = postSolution
		SolutionGuid = {1824E6BA-B1F5-41B4-8630-6DF11456AA67}
	EndGlobalSection
EndGlobal
